// !$*UTF8*$!
{
	archiveVersion = 1;
	classes = {
	};
	objectVersion = 46;
	objects = {

/* Begin PBXBuildFile section */
		597962593030551F9EE8E0EA /* Pods_ActionButtonApp.framework in Frameworks */ = {isa = PBXBuildFile; fileRef = 457885DD1EB4834F12BA079D /* Pods_ActionButtonApp.framework */; };
		A61065BA1C271751006F836F /* AppDelegate.swift in Sources */ = {isa = PBXBuildFile; fileRef = A61065B91C271751006F836F /* AppDelegate.swift */; };
		A61065C11C271751006F836F /* Assets.xcassets in Resources */ = {isa = PBXBuildFile; fileRef = A61065C01C271751006F836F /* Assets.xcassets */; };
		A61065CC1C27176A006F836F /* Podfile in Resources */ = {isa = PBXBuildFile; fileRef = A61065CB1C27176A006F836F /* Podfile */; };
		A61065DB1C29BB82006F836F /* MainOld.storyboard in Resources */ = {isa = PBXBuildFile; fileRef = A61065DA1C29BB82006F836F /* MainOld.storyboard */; };
		A61065DD1C29BBC6006F836F /* BaseViewController.swift in Sources */ = {isa = PBXBuildFile; fileRef = A61065DC1C29BBC6006F836F /* BaseViewController.swift */; };
		A61065DF1C29BC61006F836F /* AccountViewController.swift in Sources */ = {isa = PBXBuildFile; fileRef = A61065DE1C29BC61006F836F /* AccountViewController.swift */; };
		A61065E21C29BCB5006F836F /* IOCell.swift in Sources */ = {isa = PBXBuildFile; fileRef = A61065E11C29BCB5006F836F /* IOCell.swift */; };
		A61065E41C29BD4D006F836F /* ProfileHeader.swift in Sources */ = {isa = PBXBuildFile; fileRef = A61065E31C29BD4D006F836F /* ProfileHeader.swift */; };
		A61065E61C29BD65006F836F /* ProfileHeader.xib in Resources */ = {isa = PBXBuildFile; fileRef = A61065E51C29BD65006F836F /* ProfileHeader.xib */; };
		A61065E81C29BD8F006F836F /* SettingsViewController.swift in Sources */ = {isa = PBXBuildFile; fileRef = A61065E71C29BD8F006F836F /* SettingsViewController.swift */; };
		A61065EA1C29BDAF006F836F /* Globals.swift in Sources */ = {isa = PBXBuildFile; fileRef = A61065E91C29BDAF006F836F /* Globals.swift */; };
		A61065EC1C29BDBB006F836F /* Colors.swift in Sources */ = {isa = PBXBuildFile; fileRef = A61065EB1C29BDBB006F836F /* Colors.swift */; };
		A61065EE1C29BDCC006F836F /* Constants.swift in Sources */ = {isa = PBXBuildFile; fileRef = A61065ED1C29BDCC006F836F /* Constants.swift */; };
		A61065F01C29BE38006F836F /* ComplexConstants.swift in Sources */ = {isa = PBXBuildFile; fileRef = A61065EF1C29BE38006F836F /* ComplexConstants.swift */; };
		A61065F21C29BE4E006F836F /* Extensions.swift in Sources */ = {isa = PBXBuildFile; fileRef = A61065F11C29BE4E006F836F /* Extensions.swift */; };
		A61065F41C29BE69006F836F /* NotificationHelper.swift in Sources */ = {isa = PBXBuildFile; fileRef = A61065F31C29BE69006F836F /* NotificationHelper.swift */; };
		A61065F81C29C01B006F836F /* AddPrayerViewController.swift in Sources */ = {isa = PBXBuildFile; fileRef = A61065F71C29C01B006F836F /* AddPrayerViewController.swift */; };
		A61065FA1C29C11E006F836F /* NotificationsViewController.swift in Sources */ = {isa = PBXBuildFile; fileRef = A61065F91C29C11E006F836F /* NotificationsViewController.swift */; };
		A61065FC1C29CE85006F836F /* ShotCollectionViewController.xib in Resources */ = {isa = PBXBuildFile; fileRef = A61065FB1C29CE85006F836F /* ShotCollectionViewController.xib */; };
		A61066001C29CED2006F836F /* Config.swift in Sources */ = {isa = PBXBuildFile; fileRef = A61065FF1C29CED2006F836F /* Config.swift */; };
		A61066071C29D033006F836F /* DribbbleObjectHandler.swift in Sources */ = {isa = PBXBuildFile; fileRef = A61066061C29D033006F836F /* DribbbleObjectHandler.swift */; };
		A610660A1C29D03C006F836F /* DribbbleBase.swift in Sources */ = {isa = PBXBuildFile; fileRef = A61066081C29D03C006F836F /* DribbbleBase.swift */; };
		A610660B1C29D03C006F836F /* Shot.swift in Sources */ = {isa = PBXBuildFile; fileRef = A61066091C29D03C006F836F /* Shot.swift */; };
		A610660E1C29D065006F836F /* ImageModalViewController.swift in Sources */ = {isa = PBXBuildFile; fileRef = A610660C1C29D065006F836F /* ImageModalViewController.swift */; };
		A610660F1C29D065006F836F /* ImageModalViewController.xib in Resources */ = {isa = PBXBuildFile; fileRef = A610660D1C29D065006F836F /* ImageModalViewController.xib */; };
		A61066111C29D0A5006F836F /* HttpService.swift in Sources */ = {isa = PBXBuildFile; fileRef = A61066101C29D0A5006F836F /* HttpService.swift */; };
		A6CD43BD1C29EDA100D43160 /* Utility.swift in Sources */ = {isa = PBXBuildFile; fileRef = A6CD43BC1C29EDA100D43160 /* Utility.swift */; };
		A6CD43BF1C29F02600D43160 /* PrayerCollectionViewCell.xib in Resources */ = {isa = PBXBuildFile; fileRef = A6CD43BE1C29F02600D43160 /* PrayerCollectionViewCell.xib */; };
		A6CD43C11C29F05A00D43160 /* PrayerCollectionViewCell.swift in Sources */ = {isa = PBXBuildFile; fileRef = A6CD43C01C29F05A00D43160 /* PrayerCollectionViewCell.swift */; };
		A6CD43C31C29F12700D43160 /* PrayerCollectionViewController.swift in Sources */ = {isa = PBXBuildFile; fileRef = A6CD43C21C29F12700D43160 /* PrayerCollectionViewController.swift */; };
		A6CD43C51C29F22700D43160 /* CAPSPageMenu.swift in Sources */ = {isa = PBXBuildFile; fileRef = A6CD43C41C29F22700D43160 /* CAPSPageMenu.swift */; };
		A6CD43C71C29F29200D43160 /* NotificationsDetailViewController.swift in Sources */ = {isa = PBXBuildFile; fileRef = A6CD43C61C29F29200D43160 /* NotificationsDetailViewController.swift */; };
		A6CD43D11C29FA4800D43160 /* Prayer.swift in Sources */ = {isa = PBXBuildFile; fileRef = A6CD43D01C29FA4800D43160 /* Prayer.swift */; };
		A6CD43D31C29FB6E00D43160 /* PrayerObjectHandler.swift in Sources */ = {isa = PBXBuildFile; fileRef = A6CD43D21C29FB6E00D43160 /* PrayerObjectHandler.swift */; };
		A6CD43D91C2C541A00D43160 /* PrayerBase.swift in Sources */ = {isa = PBXBuildFile; fileRef = A6CD43D81C2C541A00D43160 /* PrayerBase.swift */; };
		A6CD43DB1C304E8D00D43160 /* PrayerCollectionViewController.xib in Resources */ = {isa = PBXBuildFile; fileRef = A6CD43DA1C304E8D00D43160 /* PrayerCollectionViewController.xib */; };
		A6D732E71C31B9DC00419BF9 /* Main.storyboard in Resources */ = {isa = PBXBuildFile; fileRef = A6D732E61C31B9DC00419BF9 /* Main.storyboard */; };
		A6D732E91C31BC2500419BF9 /* LaunchScreen.storyboard in Resources */ = {isa = PBXBuildFile; fileRef = A6D732E81C31BC2500419BF9 /* LaunchScreen.storyboard */; };
		A6D732EE1C32F94800419BF9 /* Notification.swift in Sources */ = {isa = PBXBuildFile; fileRef = A6D732ED1C32F94800419BF9 /* Notification.swift */; };
		A6D732F21C32FC0B00419BF9 /* PrayerModalViewController.xib in Resources */ = {isa = PBXBuildFile; fileRef = A6D732F11C32FC0B00419BF9 /* PrayerModalViewController.xib */; };
		A6D732F61C32FC3400419BF9 /* PrayerModalViewController.swift in Sources */ = {isa = PBXBuildFile; fileRef = A6D732F51C32FC3400419BF9 /* PrayerModalViewController.swift */; };
		A6D732F81C3302F900419BF9 /* SettingsButtonItem.swift in Sources */ = {isa = PBXBuildFile; fileRef = A6D732F71C3302F900419BF9 /* SettingsButtonItem.swift */; };
		A6D732FA1C342BA600419BF9 /* Reachability.swift in Sources */ = {isa = PBXBuildFile; fileRef = A6D732F91C342BA600419BF9 /* Reachability.swift */; };
		A6D733021C3431B200419BF9 /* WelcomeViewController.xib in Resources */ = {isa = PBXBuildFile; fileRef = A6D733011C3431B200419BF9 /* WelcomeViewController.xib */; };
		A6D733041C343B5900419BF9 /* Settings.swift in Sources */ = {isa = PBXBuildFile; fileRef = A6D733031C343B5900419BF9 /* Settings.swift */; };
		A6D733061C343E5100419BF9 /* ViewController.swift in Sources */ = {isa = PBXBuildFile; fileRef = A6D733051C343E5100419BF9 /* ViewController.swift */; };
		A6D7330A1C3494AE00419BF9 /* Onboarding.storyboard in Resources */ = {isa = PBXBuildFile; fileRef = A6D733091C3494AE00419BF9 /* Onboarding.storyboard */; };
		A6D7330C1C3494C600419BF9 /* Login.storyboard in Resources */ = {isa = PBXBuildFile; fileRef = A6D7330B1C3494C600419BF9 /* Login.storyboard */; };
		A6D733111C3496EB00419BF9 /* OnboardingViewController.swift in Sources */ = {isa = PBXBuildFile; fileRef = A6D733101C3496EB00419BF9 /* OnboardingViewController.swift */; };
		A6D733161C3496FE00419BF9 /* GoalViewController.swift in Sources */ = {isa = PBXBuildFile; fileRef = A6D733121C3496FE00419BF9 /* GoalViewController.swift */; };
		A6D733171C3496FE00419BF9 /* PrayrsViewController.swift in Sources */ = {isa = PBXBuildFile; fileRef = A6D733131C3496FE00419BF9 /* PrayrsViewController.swift */; };
		A6D733181C3496FE00419BF9 /* MeasureViewController.swift in Sources */ = {isa = PBXBuildFile; fileRef = A6D733141C3496FE00419BF9 /* MeasureViewController.swift */; };
		A6D733191C3496FE00419BF9 /* NotificationViewController.swift in Sources */ = {isa = PBXBuildFile; fileRef = A6D733151C3496FE00419BF9 /* NotificationViewController.swift */; };
		A6D7331B1C349D5000419BF9 /* WelcomeViewController.swift in Sources */ = {isa = PBXBuildFile; fileRef = A6D7331A1C349D5000419BF9 /* WelcomeViewController.swift */; };
		A6D7331D1C35E57E00419BF9 /* Cache.swift in Sources */ = {isa = PBXBuildFile; fileRef = A6D7331C1C35E57E00419BF9 /* Cache.swift */; };
		A6D7331F1C35E9BF00419BF9 /* PrayerTimelineViewController.swift in Sources */ = {isa = PBXBuildFile; fileRef = A6D7331E1C35E9BF00419BF9 /* PrayerTimelineViewController.swift */; };
		A6D733211C35EA0200419BF9 /* PhotoHeaderView.swift in Sources */ = {isa = PBXBuildFile; fileRef = A6D733201C35EA0200419BF9 /* PhotoHeaderView.swift */; };
		A6D733231C35EA6200419BF9 /* ProfileImageView.swift in Sources */ = {isa = PBXBuildFile; fileRef = A6D733221C35EA6200419BF9 /* ProfileImageView.swift */; };
		A6D733251C35EB9000419BF9 /* PrayerDetailsViewController.swift in Sources */ = {isa = PBXBuildFile; fileRef = A6D733241C35EB9000419BF9 /* PrayerDetailsViewController.swift */; };
		A6D733281C35EC2100419BF9 /* PrayerDetailsHeaderView.swift in Sources */ = {isa = PBXBuildFile; fileRef = A6D733261C35EC2100419BF9 /* PrayerDetailsHeaderView.swift */; };
		A6D733291C35EC2100419BF9 /* PrayerDetailsFooterView.swift in Sources */ = {isa = PBXBuildFile; fileRef = A6D733271C35EC2100419BF9 /* PrayerDetailsFooterView.swift */; };
		A6D7332F1C36E4CC00419BF9 /* BaseTextCell.swift in Sources */ = {isa = PBXBuildFile; fileRef = A6D7332A1C36E4CB00419BF9 /* BaseTextCell.swift */; };
		A6D733301C36E4CC00419BF9 /* ActivityCell.swift in Sources */ = {isa = PBXBuildFile; fileRef = A6D7332B1C36E4CC00419BF9 /* ActivityCell.swift */; };
		A6D733311C36E4CC00419BF9 /* FindFriendsCell.swift in Sources */ = {isa = PBXBuildFile; fileRef = A6D7332C1C36E4CC00419BF9 /* FindFriendsCell.swift */; };
		A6D733321C36E4CC00419BF9 /* LoadMoreCell.swift in Sources */ = {isa = PBXBuildFile; fileRef = A6D7332D1C36E4CC00419BF9 /* LoadMoreCell.swift */; };
		A6D733331C36E4CC00419BF9 /* PhotoCell.swift in Sources */ = {isa = PBXBuildFile; fileRef = A6D7332E1C36E4CC00419BF9 /* PhotoCell.swift */; };
/* End PBXBuildFile section */

/* Begin PBXFileReference section */
		457885DD1EB4834F12BA079D /* Pods_ActionButtonApp.framework */ = {isa = PBXFileReference; explicitFileType = wrapper.framework; includeInIndex = 0; path = Pods_ActionButtonApp.framework; sourceTree = BUILT_PRODUCTS_DIR; };
		69D17A3AF8478AA67B494222 /* Pods-ActionButtonApp.debug.xcconfig */ = {isa = PBXFileReference; includeInIndex = 1; lastKnownFileType = text.xcconfig; name = "Pods-ActionButtonApp.debug.xcconfig"; path = "Pods/Target Support Files/Pods-ActionButtonApp/Pods-ActionButtonApp.debug.xcconfig"; sourceTree = "<group>"; };
		A61065B61C271751006F836F /* ActionButtonApp.app */ = {isa = PBXFileReference; explicitFileType = wrapper.application; includeInIndex = 0; path = ActionButtonApp.app; sourceTree = BUILT_PRODUCTS_DIR; };
		A61065B91C271751006F836F /* AppDelegate.swift */ = {isa = PBXFileReference; lastKnownFileType = sourcecode.swift; path = AppDelegate.swift; sourceTree = "<group>"; };
		A61065C01C271751006F836F /* Assets.xcassets */ = {isa = PBXFileReference; lastKnownFileType = folder.assetcatalog; path = Assets.xcassets; sourceTree = "<group>"; };
		A61065C51C271751006F836F /* Info.plist */ = {isa = PBXFileReference; lastKnownFileType = text.plist.xml; path = Info.plist; sourceTree = "<group>"; };
		A61065CB1C27176A006F836F /* Podfile */ = {isa = PBXFileReference; fileEncoding = 4; lastKnownFileType = text; path = Podfile; sourceTree = "<group>"; xcLanguageSpecificationIdentifier = xcode.lang.ruby; };
		A61065CD1C271925006F836F /* ActionButtonApp-Bridging-Header.h */ = {isa = PBXFileReference; fileEncoding = 4; lastKnownFileType = sourcecode.c.h; name = "ActionButtonApp-Bridging-Header.h"; path = "../ActionButtonApp-Bridging-Header.h"; sourceTree = "<group>"; };
		A61065DA1C29BB82006F836F /* MainOld.storyboard */ = {isa = PBXFileReference; fileEncoding = 4; lastKnownFileType = file.storyboard; path = MainOld.storyboard; sourceTree = "<group>"; };
		A61065DC1C29BBC6006F836F /* BaseViewController.swift */ = {isa = PBXFileReference; fileEncoding = 4; lastKnownFileType = sourcecode.swift; path = BaseViewController.swift; sourceTree = "<group>"; };
		A61065DE1C29BC61006F836F /* AccountViewController.swift */ = {isa = PBXFileReference; fileEncoding = 4; lastKnownFileType = sourcecode.swift; path = AccountViewController.swift; sourceTree = "<group>"; };
		A61065E11C29BCB5006F836F /* IOCell.swift */ = {isa = PBXFileReference; fileEncoding = 4; lastKnownFileType = sourcecode.swift; path = IOCell.swift; sourceTree = "<group>"; };
		A61065E31C29BD4D006F836F /* ProfileHeader.swift */ = {isa = PBXFileReference; fileEncoding = 4; lastKnownFileType = sourcecode.swift; path = ProfileHeader.swift; sourceTree = "<group>"; };
		A61065E51C29BD65006F836F /* ProfileHeader.xib */ = {isa = PBXFileReference; fileEncoding = 4; lastKnownFileType = file.xib; path = ProfileHeader.xib; sourceTree = "<group>"; };
		A61065E71C29BD8F006F836F /* SettingsViewController.swift */ = {isa = PBXFileReference; fileEncoding = 4; lastKnownFileType = sourcecode.swift; path = SettingsViewController.swift; sourceTree = "<group>"; };
		A61065E91C29BDAF006F836F /* Globals.swift */ = {isa = PBXFileReference; fileEncoding = 4; lastKnownFileType = sourcecode.swift; path = Globals.swift; sourceTree = "<group>"; };
		A61065EB1C29BDBB006F836F /* Colors.swift */ = {isa = PBXFileReference; fileEncoding = 4; lastKnownFileType = sourcecode.swift; path = Colors.swift; sourceTree = "<group>"; };
		A61065ED1C29BDCC006F836F /* Constants.swift */ = {isa = PBXFileReference; fileEncoding = 4; lastKnownFileType = sourcecode.swift; path = Constants.swift; sourceTree = "<group>"; };
		A61065EF1C29BE38006F836F /* ComplexConstants.swift */ = {isa = PBXFileReference; fileEncoding = 4; lastKnownFileType = sourcecode.swift; path = ComplexConstants.swift; sourceTree = "<group>"; };
		A61065F11C29BE4E006F836F /* Extensions.swift */ = {isa = PBXFileReference; fileEncoding = 4; lastKnownFileType = sourcecode.swift; path = Extensions.swift; sourceTree = "<group>"; };
		A61065F31C29BE69006F836F /* NotificationHelper.swift */ = {isa = PBXFileReference; fileEncoding = 4; lastKnownFileType = sourcecode.swift; path = NotificationHelper.swift; sourceTree = "<group>"; };
		A61065F71C29C01B006F836F /* AddPrayerViewController.swift */ = {isa = PBXFileReference; fileEncoding = 4; lastKnownFileType = sourcecode.swift; path = AddPrayerViewController.swift; sourceTree = "<group>"; };
		A61065F91C29C11E006F836F /* NotificationsViewController.swift */ = {isa = PBXFileReference; fileEncoding = 4; lastKnownFileType = sourcecode.swift; path = NotificationsViewController.swift; sourceTree = "<group>"; };
		A61065FB1C29CE85006F836F /* ShotCollectionViewController.xib */ = {isa = PBXFileReference; fileEncoding = 4; lastKnownFileType = file.xib; path = ShotCollectionViewController.xib; sourceTree = "<group>"; };
		A61065FF1C29CED2006F836F /* Config.swift */ = {isa = PBXFileReference; fileEncoding = 4; lastKnownFileType = sourcecode.swift; path = Config.swift; sourceTree = "<group>"; };
		A61066061C29D033006F836F /* DribbbleObjectHandler.swift */ = {isa = PBXFileReference; fileEncoding = 4; lastKnownFileType = sourcecode.swift; path = DribbbleObjectHandler.swift; sourceTree = "<group>"; };
		A61066081C29D03C006F836F /* DribbbleBase.swift */ = {isa = PBXFileReference; fileEncoding = 4; lastKnownFileType = sourcecode.swift; path = DribbbleBase.swift; sourceTree = "<group>"; };
		A61066091C29D03C006F836F /* Shot.swift */ = {isa = PBXFileReference; fileEncoding = 4; lastKnownFileType = sourcecode.swift; path = Shot.swift; sourceTree = "<group>"; };
		A610660C1C29D065006F836F /* ImageModalViewController.swift */ = {isa = PBXFileReference; fileEncoding = 4; lastKnownFileType = sourcecode.swift; path = ImageModalViewController.swift; sourceTree = "<group>"; };
		A610660D1C29D065006F836F /* ImageModalViewController.xib */ = {isa = PBXFileReference; fileEncoding = 4; lastKnownFileType = file.xib; path = ImageModalViewController.xib; sourceTree = "<group>"; };
		A61066101C29D0A5006F836F /* HttpService.swift */ = {isa = PBXFileReference; fileEncoding = 4; lastKnownFileType = sourcecode.swift; path = HttpService.swift; sourceTree = "<group>"; };
		A6CD43BC1C29EDA100D43160 /* Utility.swift */ = {isa = PBXFileReference; fileEncoding = 4; lastKnownFileType = sourcecode.swift; path = Utility.swift; sourceTree = "<group>"; };
		A6CD43BE1C29F02600D43160 /* PrayerCollectionViewCell.xib */ = {isa = PBXFileReference; fileEncoding = 4; lastKnownFileType = file.xib; path = PrayerCollectionViewCell.xib; sourceTree = "<group>"; };
		A6CD43C01C29F05A00D43160 /* PrayerCollectionViewCell.swift */ = {isa = PBXFileReference; fileEncoding = 4; lastKnownFileType = sourcecode.swift; path = PrayerCollectionViewCell.swift; sourceTree = "<group>"; };
		A6CD43C21C29F12700D43160 /* PrayerCollectionViewController.swift */ = {isa = PBXFileReference; fileEncoding = 4; lastKnownFileType = sourcecode.swift; path = PrayerCollectionViewController.swift; sourceTree = "<group>"; };
		A6CD43C41C29F22700D43160 /* CAPSPageMenu.swift */ = {isa = PBXFileReference; fileEncoding = 4; lastKnownFileType = sourcecode.swift; path = CAPSPageMenu.swift; sourceTree = "<group>"; };
		A6CD43C61C29F29200D43160 /* NotificationsDetailViewController.swift */ = {isa = PBXFileReference; fileEncoding = 4; lastKnownFileType = sourcecode.swift; path = NotificationsDetailViewController.swift; sourceTree = "<group>"; };
		A6CD43D01C29FA4800D43160 /* Prayer.swift */ = {isa = PBXFileReference; fileEncoding = 4; lastKnownFileType = sourcecode.swift; path = Prayer.swift; sourceTree = "<group>"; };
		A6CD43D21C29FB6E00D43160 /* PrayerObjectHandler.swift */ = {isa = PBXFileReference; fileEncoding = 4; lastKnownFileType = sourcecode.swift; path = PrayerObjectHandler.swift; sourceTree = "<group>"; };
		A6CD43D81C2C541A00D43160 /* PrayerBase.swift */ = {isa = PBXFileReference; fileEncoding = 4; lastKnownFileType = sourcecode.swift; path = PrayerBase.swift; sourceTree = "<group>"; };
		A6CD43DA1C304E8D00D43160 /* PrayerCollectionViewController.xib */ = {isa = PBXFileReference; fileEncoding = 4; lastKnownFileType = file.xib; path = PrayerCollectionViewController.xib; sourceTree = "<group>"; };
		A6D732E61C31B9DC00419BF9 /* Main.storyboard */ = {isa = PBXFileReference; fileEncoding = 4; lastKnownFileType = file.storyboard; path = Main.storyboard; sourceTree = "<group>"; };
		A6D732E81C31BC2500419BF9 /* LaunchScreen.storyboard */ = {isa = PBXFileReference; fileEncoding = 4; lastKnownFileType = file.storyboard; path = LaunchScreen.storyboard; sourceTree = "<group>"; };
		A6D732ED1C32F94800419BF9 /* Notification.swift */ = {isa = PBXFileReference; fileEncoding = 4; lastKnownFileType = sourcecode.swift; path = Notification.swift; sourceTree = "<group>"; };
		A6D732F11C32FC0B00419BF9 /* PrayerModalViewController.xib */ = {isa = PBXFileReference; fileEncoding = 4; lastKnownFileType = file.xib; path = PrayerModalViewController.xib; sourceTree = "<group>"; };
		A6D732F51C32FC3400419BF9 /* PrayerModalViewController.swift */ = {isa = PBXFileReference; fileEncoding = 4; lastKnownFileType = sourcecode.swift; path = PrayerModalViewController.swift; sourceTree = "<group>"; };
		A6D732F71C3302F900419BF9 /* SettingsButtonItem.swift */ = {isa = PBXFileReference; fileEncoding = 4; lastKnownFileType = sourcecode.swift; path = SettingsButtonItem.swift; sourceTree = "<group>"; };
		A6D732F91C342BA600419BF9 /* Reachability.swift */ = {isa = PBXFileReference; fileEncoding = 4; lastKnownFileType = sourcecode.swift; path = Reachability.swift; sourceTree = "<group>"; };
		A6D733011C3431B200419BF9 /* WelcomeViewController.xib */ = {isa = PBXFileReference; fileEncoding = 4; lastKnownFileType = file.xib; path = WelcomeViewController.xib; sourceTree = "<group>"; };
		A6D733031C343B5900419BF9 /* Settings.swift */ = {isa = PBXFileReference; fileEncoding = 4; lastKnownFileType = sourcecode.swift; path = Settings.swift; sourceTree = "<group>"; };
		A6D733051C343E5100419BF9 /* ViewController.swift */ = {isa = PBXFileReference; fileEncoding = 4; lastKnownFileType = sourcecode.swift; path = ViewController.swift; sourceTree = "<group>"; };
		A6D733091C3494AE00419BF9 /* Onboarding.storyboard */ = {isa = PBXFileReference; fileEncoding = 4; lastKnownFileType = file.storyboard; path = Onboarding.storyboard; sourceTree = "<group>"; };
		A6D7330B1C3494C600419BF9 /* Login.storyboard */ = {isa = PBXFileReference; fileEncoding = 4; lastKnownFileType = file.storyboard; path = Login.storyboard; sourceTree = "<group>"; };
		A6D733101C3496EB00419BF9 /* OnboardingViewController.swift */ = {isa = PBXFileReference; fileEncoding = 4; lastKnownFileType = sourcecode.swift; path = OnboardingViewController.swift; sourceTree = "<group>"; };
		A6D733121C3496FE00419BF9 /* GoalViewController.swift */ = {isa = PBXFileReference; fileEncoding = 4; lastKnownFileType = sourcecode.swift; path = GoalViewController.swift; sourceTree = "<group>"; };
		A6D733131C3496FE00419BF9 /* PrayrsViewController.swift */ = {isa = PBXFileReference; fileEncoding = 4; lastKnownFileType = sourcecode.swift; path = PrayrsViewController.swift; sourceTree = "<group>"; };
		A6D733141C3496FE00419BF9 /* MeasureViewController.swift */ = {isa = PBXFileReference; fileEncoding = 4; lastKnownFileType = sourcecode.swift; path = MeasureViewController.swift; sourceTree = "<group>"; };
		A6D733151C3496FE00419BF9 /* NotificationViewController.swift */ = {isa = PBXFileReference; fileEncoding = 4; lastKnownFileType = sourcecode.swift; path = NotificationViewController.swift; sourceTree = "<group>"; };
		A6D7331A1C349D5000419BF9 /* WelcomeViewController.swift */ = {isa = PBXFileReference; fileEncoding = 4; lastKnownFileType = sourcecode.swift; path = WelcomeViewController.swift; sourceTree = "<group>"; };
		A6D7331C1C35E57E00419BF9 /* Cache.swift */ = {isa = PBXFileReference; fileEncoding = 4; lastKnownFileType = sourcecode.swift; path = Cache.swift; sourceTree = "<group>"; };
		A6D7331E1C35E9BF00419BF9 /* PrayerTimelineViewController.swift */ = {isa = PBXFileReference; fileEncoding = 4; lastKnownFileType = sourcecode.swift; path = PrayerTimelineViewController.swift; sourceTree = "<group>"; };
		A6D733201C35EA0200419BF9 /* PhotoHeaderView.swift */ = {isa = PBXFileReference; fileEncoding = 4; lastKnownFileType = sourcecode.swift; path = PhotoHeaderView.swift; sourceTree = "<group>"; };
		A6D733221C35EA6200419BF9 /* ProfileImageView.swift */ = {isa = PBXFileReference; fileEncoding = 4; lastKnownFileType = sourcecode.swift; path = ProfileImageView.swift; sourceTree = "<group>"; };
		A6D733241C35EB9000419BF9 /* PrayerDetailsViewController.swift */ = {isa = PBXFileReference; fileEncoding = 4; lastKnownFileType = sourcecode.swift; path = PrayerDetailsViewController.swift; sourceTree = "<group>"; };
		A6D733261C35EC2100419BF9 /* PrayerDetailsHeaderView.swift */ = {isa = PBXFileReference; fileEncoding = 4; lastKnownFileType = sourcecode.swift; path = PrayerDetailsHeaderView.swift; sourceTree = "<group>"; };
		A6D733271C35EC2100419BF9 /* PrayerDetailsFooterView.swift */ = {isa = PBXFileReference; fileEncoding = 4; lastKnownFileType = sourcecode.swift; path = PrayerDetailsFooterView.swift; sourceTree = "<group>"; };
		A6D7332A1C36E4CB00419BF9 /* BaseTextCell.swift */ = {isa = PBXFileReference; fileEncoding = 4; lastKnownFileType = sourcecode.swift; path = BaseTextCell.swift; sourceTree = "<group>"; };
		A6D7332B1C36E4CC00419BF9 /* ActivityCell.swift */ = {isa = PBXFileReference; fileEncoding = 4; lastKnownFileType = sourcecode.swift; path = ActivityCell.swift; sourceTree = "<group>"; };
		A6D7332C1C36E4CC00419BF9 /* FindFriendsCell.swift */ = {isa = PBXFileReference; fileEncoding = 4; lastKnownFileType = sourcecode.swift; path = FindFriendsCell.swift; sourceTree = "<group>"; };
		A6D7332D1C36E4CC00419BF9 /* LoadMoreCell.swift */ = {isa = PBXFileReference; fileEncoding = 4; lastKnownFileType = sourcecode.swift; path = LoadMoreCell.swift; sourceTree = "<group>"; };
		A6D7332E1C36E4CC00419BF9 /* PhotoCell.swift */ = {isa = PBXFileReference; fileEncoding = 4; lastKnownFileType = sourcecode.swift; path = PhotoCell.swift; sourceTree = "<group>"; };
		DD3FDCC493C590359A349683 /* Pods-ActionButtonApp.release.xcconfig */ = {isa = PBXFileReference; includeInIndex = 1; lastKnownFileType = text.xcconfig; name = "Pods-ActionButtonApp.release.xcconfig"; path = "Pods/Target Support Files/Pods-ActionButtonApp/Pods-ActionButtonApp.release.xcconfig"; sourceTree = "<group>"; };
/* End PBXFileReference section */

/* Begin PBXFrameworksBuildPhase section */
		A61065B31C271751006F836F /* Frameworks */ = {
			isa = PBXFrameworksBuildPhase;
			buildActionMask = 2147483647;
			files = (
				597962593030551F9EE8E0EA /* Pods_ActionButtonApp.framework in Frameworks */,
			);
			runOnlyForDeploymentPostprocessing = 0;
		};
/* End PBXFrameworksBuildPhase section */

/* Begin PBXGroup section */
		1081AA5883E492A6336621C3 /* Pods */ = {
			isa = PBXGroup;
			children = (
				69D17A3AF8478AA67B494222 /* Pods-ActionButtonApp.debug.xcconfig */,
				DD3FDCC493C590359A349683 /* Pods-ActionButtonApp.release.xcconfig */,
			);
			name = Pods;
			sourceTree = "<group>";
		};
		A61065AD1C271751006F836F = {
			isa = PBXGroup;
			children = (
				A61065CB1C27176A006F836F /* Podfile */,
				A61065B81C271751006F836F /* ActionButtonApp */,
				A61065B71C271751006F836F /* Products */,
				1081AA5883E492A6336621C3 /* Pods */,
				B60846A48CBCA00327F6F260 /* Frameworks */,
			);
			sourceTree = "<group>";
		};
		A61065B71C271751006F836F /* Products */ = {
			isa = PBXGroup;
			children = (
				A61065B61C271751006F836F /* ActionButtonApp.app */,
			);
			name = Products;
			sourceTree = "<group>";
		};
		A61065B81C271751006F836F /* ActionButtonApp */ = {
			isa = PBXGroup;
			children = (
				A61065B91C271751006F836F /* AppDelegate.swift */,
				A61065D81C29BB4B006F836F /* Support */,
				A61066051C29CFDB006F836F /* Data and Model */,
				A61065D91C29BB5D006F836F /* Views */,
				A61065D61C27192B006F836F /* Controllers */,
				A61065C01C271751006F836F /* Assets.xcassets */,
				A61065CD1C271925006F836F /* ActionButtonApp-Bridging-Header.h */,
				A61065C51C271751006F836F /* Info.plist */,
			);
			path = ActionButtonApp;
			sourceTree = "<group>";
		};
		A61065D61C27192B006F836F /* Controllers */ = {
			isa = PBXGroup;
			children = (
				A6D7330F1C3496D400419BF9 /* Onboarding */,
				A6D733051C343E5100419BF9 /* ViewController.swift */,
				A6D7331A1C349D5000419BF9 /* WelcomeViewController.swift */,
				A61065DC1C29BBC6006F836F /* BaseViewController.swift */,
				A6CD43C21C29F12700D43160 /* PrayerCollectionViewController.swift */,
				A61065F71C29C01B006F836F /* AddPrayerViewController.swift */,
				A61065E71C29BD8F006F836F /* SettingsViewController.swift */,
				A61065E31C29BD4D006F836F /* ProfileHeader.swift */,
				A61065DE1C29BC61006F836F /* AccountViewController.swift */,
				A61065F91C29C11E006F836F /* NotificationsViewController.swift */,
				A6CD43C61C29F29200D43160 /* NotificationsDetailViewController.swift */,
				A6D7331E1C35E9BF00419BF9 /* PrayerTimelineViewController.swift */,
				A6D733241C35EB9000419BF9 /* PrayerDetailsViewController.swift */,
			);
			path = Controllers;
			sourceTree = "<group>";
		};
		A61065D71C29BB33006F836F /* Storyboards */ = {
			isa = PBXGroup;
			children = (
				A6D732E61C31B9DC00419BF9 /* Main.storyboard */,
				A6D733091C3494AE00419BF9 /* Onboarding.storyboard */,
				A6D7330B1C3494C600419BF9 /* Login.storyboard */,
				A61065E51C29BD65006F836F /* ProfileHeader.xib */,
				A61065DA1C29BB82006F836F /* MainOld.storyboard */,
				A61065FB1C29CE85006F836F /* ShotCollectionViewController.xib */,
				A6CD43DA1C304E8D00D43160 /* PrayerCollectionViewController.xib */,
				A6D732E81C31BC2500419BF9 /* LaunchScreen.storyboard */,
			);
			path = Storyboards;
			sourceTree = "<group>";
		};
		A61065D81C29BB4B006F836F /* Support */ = {
			isa = PBXGroup;
			children = (
				A6D7331C1C35E57E00419BF9 /* Cache.swift */,
				A6D733031C343B5900419BF9 /* Settings.swift */,
				A6CD43C41C29F22700D43160 /* CAPSPageMenu.swift */,
				A6CD43BC1C29EDA100D43160 /* Utility.swift */,
				A61065FF1C29CED2006F836F /* Config.swift */,
				A61065F31C29BE69006F836F /* NotificationHelper.swift */,
				A61065F11C29BE4E006F836F /* Extensions.swift */,
				A61065EF1C29BE38006F836F /* ComplexConstants.swift */,
				A61065ED1C29BDCC006F836F /* Constants.swift */,
				A61065EB1C29BDBB006F836F /* Colors.swift */,
				A61065E91C29BDAF006F836F /* Globals.swift */,
				A6D732F71C3302F900419BF9 /* SettingsButtonItem.swift */,
				A6D732F91C342BA600419BF9 /* Reachability.swift */,
			);
			path = Support;
			sourceTree = "<group>";
		};
		A61065D91C29BB5D006F836F /* Views */ = {
			isa = PBXGroup;
			children = (
				A6D732F51C32FC3400419BF9 /* PrayerModalViewController.swift */,
				A6D732F11C32FC0B00419BF9 /* PrayerModalViewController.xib */,
				A6D733201C35EA0200419BF9 /* PhotoHeaderView.swift */,
				A6D733261C35EC2100419BF9 /* PrayerDetailsHeaderView.swift */,
				A6D733271C35EC2100419BF9 /* PrayerDetailsFooterView.swift */,
				A6D733221C35EA6200419BF9 /* ProfileImageView.swift */,
				A61065D71C29BB33006F836F /* Storyboards */,
				A61065E01C29BC88006F836F /* Cells */,
				A6D733011C3431B200419BF9 /* WelcomeViewController.xib */,
			);
			path = Views;
			sourceTree = "<group>";
		};
		A61065E01C29BC88006F836F /* Cells */ = {
			isa = PBXGroup;
			children = (
				A6D7332A1C36E4CB00419BF9 /* BaseTextCell.swift */,
				A6D7332B1C36E4CC00419BF9 /* ActivityCell.swift */,
				A6D7332C1C36E4CC00419BF9 /* FindFriendsCell.swift */,
				A6D7332D1C36E4CC00419BF9 /* LoadMoreCell.swift */,
				A6D7332E1C36E4CC00419BF9 /* PhotoCell.swift */,
				A6CD43C01C29F05A00D43160 /* PrayerCollectionViewCell.swift */,
				A6CD43BE1C29F02600D43160 /* PrayerCollectionViewCell.xib */,
				A610660C1C29D065006F836F /* ImageModalViewController.swift */,
				A610660D1C29D065006F836F /* ImageModalViewController.xib */,
				A61065E11C29BCB5006F836F /* IOCell.swift */,
			);
			path = Cells;
			sourceTree = "<group>";
		};
		A61066051C29CFDB006F836F /* Data and Model */ = {
			isa = PBXGroup;
			children = (
				A6D732ED1C32F94800419BF9 /* Notification.swift */,
				A61066061C29D033006F836F /* DribbbleObjectHandler.swift */,
				A6CD43D21C29FB6E00D43160 /* PrayerObjectHandler.swift */,
				A61066081C29D03C006F836F /* DribbbleBase.swift */,
				A6CD43D81C2C541A00D43160 /* PrayerBase.swift */,
				A61066091C29D03C006F836F /* Shot.swift */,
				A6CD43D01C29FA4800D43160 /* Prayer.swift */,
				A61066101C29D0A5006F836F /* HttpService.swift */,
			);
			name = "Data and Model";
			path = DataAndModel;
			sourceTree = "<group>";
		};
		A6D7330F1C3496D400419BF9 /* Onboarding */ = {
			isa = PBXGroup;
			children = (
				A6D733101C3496EB00419BF9 /* OnboardingViewController.swift */,
				A6D733121C3496FE00419BF9 /* GoalViewController.swift */,
				A6D733131C3496FE00419BF9 /* PrayrsViewController.swift */,
				A6D733141C3496FE00419BF9 /* MeasureViewController.swift */,
				A6D733151C3496FE00419BF9 /* NotificationViewController.swift */,
			);
			path = Onboarding;
			sourceTree = "<group>";
		};
		B60846A48CBCA00327F6F260 /* Frameworks */ = {
			isa = PBXGroup;
			children = (
				457885DD1EB4834F12BA079D /* Pods_ActionButtonApp.framework */,
			);
			name = Frameworks;
			sourceTree = "<group>";
		};
/* End PBXGroup section */

/* Begin PBXNativeTarget section */
		A61065B51C271751006F836F /* ActionButtonApp */ = {
			isa = PBXNativeTarget;
			buildConfigurationList = A61065C81C271751006F836F /* Build configuration list for PBXNativeTarget "ActionButtonApp" */;
			buildPhases = (
				73B0FA721D4899ED31CF4E43 /* Check Pods Manifest.lock */,
				A61065B21C271751006F836F /* Sources */,
				A61065B31C271751006F836F /* Frameworks */,
				A61065B41C271751006F836F /* Resources */,
				737DFB0E5E121432A8BCA972 /* Embed Pods Frameworks */,
				F3C534B629076B3317450B09 /* Copy Pods Resources */,
			);
			buildRules = (
			);
			dependencies = (
			);
			name = ActionButtonApp;
			productName = ActionButtonApp;
			productReference = A61065B61C271751006F836F /* ActionButtonApp.app */;
			productType = "com.apple.product-type.application";
		};
/* End PBXNativeTarget section */

/* Begin PBXProject section */
		A61065AE1C271751006F836F /* Project object */ = {
			isa = PBXProject;
			attributes = {
				LastSwiftUpdateCheck = 0720;
				LastUpgradeCheck = 0720;
				ORGANIZATIONNAME = "Teklabs, LLC";
				TargetAttributes = {
					A61065B51C271751006F836F = {
						CreatedOnToolsVersion = 7.2;
						DevelopmentTeam = V3QESDZJG8;
					};
				};
			};
			buildConfigurationList = A61065B11C271751006F836F /* Build configuration list for PBXProject "ActionButtonApp" */;
			compatibilityVersion = "Xcode 3.2";
			developmentRegion = English;
			hasScannedForEncodings = 0;
			knownRegions = (
				en,
				Base,
			);
			mainGroup = A61065AD1C271751006F836F;
			productRefGroup = A61065B71C271751006F836F /* Products */;
			projectDirPath = "";
			projectRoot = "";
			targets = (
				A61065B51C271751006F836F /* ActionButtonApp */,
			);
		};
/* End PBXProject section */

/* Begin PBXResourcesBuildPhase section */
		A61065B41C271751006F836F /* Resources */ = {
			isa = PBXResourcesBuildPhase;
			buildActionMask = 2147483647;
			files = (
				A6CD43BF1C29F02600D43160 /* PrayerCollectionViewCell.xib in Resources */,
				A610660F1C29D065006F836F /* ImageModalViewController.xib in Resources */,
				A6D7330C1C3494C600419BF9 /* Login.storyboard in Resources */,
				A6D732E71C31B9DC00419BF9 /* Main.storyboard in Resources */,
				A6D7330A1C3494AE00419BF9 /* Onboarding.storyboard in Resources */,
				A61065DB1C29BB82006F836F /* MainOld.storyboard in Resources */,
				A6D732E91C31BC2500419BF9 /* LaunchScreen.storyboard in Resources */,
				A6D733021C3431B200419BF9 /* WelcomeViewController.xib in Resources */,
				A6D732F21C32FC0B00419BF9 /* PrayerModalViewController.xib in Resources */,
				A61065E61C29BD65006F836F /* ProfileHeader.xib in Resources */,
				A61065C11C271751006F836F /* Assets.xcassets in Resources */,
				A61065CC1C27176A006F836F /* Podfile in Resources */,
				A6CD43DB1C304E8D00D43160 /* PrayerCollectionViewController.xib in Resources */,
				A61065FC1C29CE85006F836F /* ShotCollectionViewController.xib in Resources */,
			);
			runOnlyForDeploymentPostprocessing = 0;
		};
/* End PBXResourcesBuildPhase section */

/* Begin PBXShellScriptBuildPhase section */
		737DFB0E5E121432A8BCA972 /* Embed Pods Frameworks */ = {
			isa = PBXShellScriptBuildPhase;
			buildActionMask = 2147483647;
			files = (
			);
			inputPaths = (
			);
			name = "Embed Pods Frameworks";
			outputPaths = (
			);
			runOnlyForDeploymentPostprocessing = 0;
			shellPath = /bin/sh;
			shellScript = "\"${SRCROOT}/Pods/Target Support Files/Pods-ActionButtonApp/Pods-ActionButtonApp-frameworks.sh\"\n";
			showEnvVarsInLog = 0;
		};
		73B0FA721D4899ED31CF4E43 /* Check Pods Manifest.lock */ = {
			isa = PBXShellScriptBuildPhase;
			buildActionMask = 2147483647;
			files = (
			);
			inputPaths = (
			);
			name = "Check Pods Manifest.lock";
			outputPaths = (
			);
			runOnlyForDeploymentPostprocessing = 0;
			shellPath = /bin/sh;
			shellScript = "diff \"${PODS_ROOT}/../Podfile.lock\" \"${PODS_ROOT}/Manifest.lock\" > /dev/null\nif [[ $? != 0 ]] ; then\n    cat << EOM\nerror: The sandbox is not in sync with the Podfile.lock. Run 'pod install' or update your CocoaPods installation.\nEOM\n    exit 1\nfi\n";
			showEnvVarsInLog = 0;
		};
		F3C534B629076B3317450B09 /* Copy Pods Resources */ = {
			isa = PBXShellScriptBuildPhase;
			buildActionMask = 2147483647;
			files = (
			);
			inputPaths = (
			);
			name = "Copy Pods Resources";
			outputPaths = (
			);
			runOnlyForDeploymentPostprocessing = 0;
			shellPath = /bin/sh;
			shellScript = "\"${SRCROOT}/Pods/Target Support Files/Pods-ActionButtonApp/Pods-ActionButtonApp-resources.sh\"\n";
			showEnvVarsInLog = 0;
		};
/* End PBXShellScriptBuildPhase section */

/* Begin PBXSourcesBuildPhase section */
		A61065B21C271751006F836F /* Sources */ = {
			isa = PBXSourcesBuildPhase;
			buildActionMask = 2147483647;
			files = (
				A61065F01C29BE38006F836F /* ComplexConstants.swift in Sources */,
				A6D7331B1C349D5000419BF9 /* WelcomeViewController.swift in Sources */,
				A610660E1C29D065006F836F /* ImageModalViewController.swift in Sources */,
				A6CD43C51C29F22700D43160 /* CAPSPageMenu.swift in Sources */,
				A6D7331F1C35E9BF00419BF9 /* PrayerTimelineViewController.swift in Sources */,
				A6D733281C35EC2100419BF9 /* PrayerDetailsHeaderView.swift in Sources */,
				A6CD43C31C29F12700D43160 /* PrayerCollectionViewController.swift in Sources */,
				A61065DD1C29BBC6006F836F /* BaseViewController.swift in Sources */,
				A6D732F81C3302F900419BF9 /* SettingsButtonItem.swift in Sources */,
				A6D733041C343B5900419BF9 /* Settings.swift in Sources */,
				A6D733111C3496EB00419BF9 /* OnboardingViewController.swift in Sources */,
				A61066111C29D0A5006F836F /* HttpService.swift in Sources */,
				A61065EC1C29BDBB006F836F /* Colors.swift in Sources */,
				A61065E81C29BD8F006F836F /* SettingsViewController.swift in Sources */,
				A610660B1C29D03C006F836F /* Shot.swift in Sources */,
				A6CD43BD1C29EDA100D43160 /* Utility.swift in Sources */,
				A61065E41C29BD4D006F836F /* ProfileHeader.swift in Sources */,
				A6D7332F1C36E4CC00419BF9 /* BaseTextCell.swift in Sources */,
				A6D732F61C32FC3400419BF9 /* PrayerModalViewController.swift in Sources */,
				A6D733211C35EA0200419BF9 /* PhotoHeaderView.swift in Sources */,
				A6D733171C3496FE00419BF9 /* PrayrsViewController.swift in Sources */,
				A61065F41C29BE69006F836F /* NotificationHelper.swift in Sources */,
				A6D7331D1C35E57E00419BF9 /* Cache.swift in Sources */,
				A6D733181C3496FE00419BF9 /* MeasureViewController.swift in Sources */,
				A6D733331C36E4CC00419BF9 /* PhotoCell.swift in Sources */,
				A61065EE1C29BDCC006F836F /* Constants.swift in Sources */,
				A61065F21C29BE4E006F836F /* Extensions.swift in Sources */,
				A6D733321C36E4CC00419BF9 /* LoadMoreCell.swift in Sources */,
				A6CD43C71C29F29200D43160 /* NotificationsDetailViewController.swift in Sources */,
				A61066001C29CED2006F836F /* Config.swift in Sources */,
				A6D733311C36E4CC00419BF9 /* FindFriendsCell.swift in Sources */,
				A6CD43D91C2C541A00D43160 /* PrayerBase.swift in Sources */,
				A61065EA1C29BDAF006F836F /* Globals.swift in Sources */,
				A6D733231C35EA6200419BF9 /* ProfileImageView.swift in Sources */,
				A61065F81C29C01B006F836F /* AddPrayerViewController.swift in Sources */,
				A6D733291C35EC2100419BF9 /* PrayerDetailsFooterView.swift in Sources */,
				A61065DF1C29BC61006F836F /* AccountViewController.swift in Sources */,
				A610660A1C29D03C006F836F /* DribbbleBase.swift in Sources */,
				A6CD43D11C29FA4800D43160 /* Prayer.swift in Sources */,
				A61065BA1C271751006F836F /* AppDelegate.swift in Sources */,
				A61065E21C29BCB5006F836F /* IOCell.swift in Sources */,
				A61066071C29D033006F836F /* DribbbleObjectHandler.swift in Sources */,
				A6D733061C343E5100419BF9 /* ViewController.swift in Sources */,
				A6D732EE1C32F94800419BF9 /* Notification.swift in Sources */,
				A6D733301C36E4CC00419BF9 /* ActivityCell.swift in Sources */,
				A6CD43C11C29F05A00D43160 /* PrayerCollectionViewCell.swift in Sources */,
				A6D733251C35EB9000419BF9 /* PrayerDetailsViewController.swift in Sources */,
				A61065FA1C29C11E006F836F /* NotificationsViewController.swift in Sources */,
				A6D733191C3496FE00419BF9 /* NotificationViewController.swift in Sources */,
				A6D733161C3496FE00419BF9 /* GoalViewController.swift in Sources */,
				A6D732FA1C342BA600419BF9 /* Reachability.swift in Sources */,
				A6CD43D31C29FB6E00D43160 /* PrayerObjectHandler.swift in Sources */,
			);
			runOnlyForDeploymentPostprocessing = 0;
		};
/* End PBXSourcesBuildPhase section */

/* Begin XCBuildConfiguration section */
		A61065C61C271751006F836F /* Debug */ = {
			isa = XCBuildConfiguration;
			buildSettings = {
				ALWAYS_SEARCH_USER_PATHS = NO;
				CLANG_CXX_LANGUAGE_STANDARD = "gnu++0x";
				CLANG_CXX_LIBRARY = "libc++";
				CLANG_ENABLE_MODULES = YES;
				CLANG_ENABLE_OBJC_ARC = YES;
				CLANG_WARN_BOOL_CONVERSION = YES;
				CLANG_WARN_CONSTANT_CONVERSION = YES;
				CLANG_WARN_DIRECT_OBJC_ISA_USAGE = YES_ERROR;
				CLANG_WARN_EMPTY_BODY = YES;
				CLANG_WARN_ENUM_CONVERSION = YES;
				CLANG_WARN_INT_CONVERSION = YES;
				CLANG_WARN_OBJC_ROOT_CLASS = YES_ERROR;
				CLANG_WARN_UNREACHABLE_CODE = YES;
				CLANG_WARN__DUPLICATE_METHOD_MATCH = YES;
				"CODE_SIGN_IDENTITY[sdk=iphoneos*]" = "iPhone Developer";
				COPY_PHASE_STRIP = NO;
				DEBUG_INFORMATION_FORMAT = dwarf;
				ENABLE_BITCODE = NO;
				ENABLE_STRICT_OBJC_MSGSEND = YES;
				ENABLE_TESTABILITY = YES;
				GCC_C_LANGUAGE_STANDARD = gnu99;
				GCC_DYNAMIC_NO_PIC = NO;
				GCC_NO_COMMON_BLOCKS = YES;
				GCC_OPTIMIZATION_LEVEL = 0;
				GCC_PREPROCESSOR_DEFINITIONS = (
					"DEBUG=1",
					"$(inherited)",
				);
				GCC_WARN_64_TO_32_BIT_CONVERSION = YES;
				GCC_WARN_ABOUT_RETURN_TYPE = YES_ERROR;
				GCC_WARN_UNDECLARED_SELECTOR = YES;
				GCC_WARN_UNINITIALIZED_AUTOS = YES_AGGRESSIVE;
				GCC_WARN_UNUSED_FUNCTION = YES;
				GCC_WARN_UNUSED_VARIABLE = YES;
				IPHONEOS_DEPLOYMENT_TARGET = 9.2;
				MTL_ENABLE_DEBUG_INFO = YES;
				ONLY_ACTIVE_ARCH = YES;
				SDKROOT = iphoneos;
				SWIFT_OPTIMIZATION_LEVEL = "-Onone";
			};
			name = Debug;
		};
		A61065C71C271751006F836F /* Release */ = {
			isa = XCBuildConfiguration;
			buildSettings = {
				ALWAYS_SEARCH_USER_PATHS = NO;
				CLANG_CXX_LANGUAGE_STANDARD = "gnu++0x";
				CLANG_CXX_LIBRARY = "libc++";
				CLANG_ENABLE_MODULES = YES;
				CLANG_ENABLE_OBJC_ARC = YES;
				CLANG_WARN_BOOL_CONVERSION = YES;
				CLANG_WARN_CONSTANT_CONVERSION = YES;
				CLANG_WARN_DIRECT_OBJC_ISA_USAGE = YES_ERROR;
				CLANG_WARN_EMPTY_BODY = YES;
				CLANG_WARN_ENUM_CONVERSION = YES;
				CLANG_WARN_INT_CONVERSION = YES;
				CLANG_WARN_OBJC_ROOT_CLASS = YES_ERROR;
				CLANG_WARN_UNREACHABLE_CODE = YES;
				CLANG_WARN__DUPLICATE_METHOD_MATCH = YES;
				"CODE_SIGN_IDENTITY[sdk=iphoneos*]" = "iPhone Developer";
				COPY_PHASE_STRIP = NO;
				DEBUG_INFORMATION_FORMAT = "dwarf-with-dsym";
				ENABLE_BITCODE = NO;
				ENABLE_NS_ASSERTIONS = NO;
				ENABLE_STRICT_OBJC_MSGSEND = YES;
				GCC_C_LANGUAGE_STANDARD = gnu99;
				GCC_NO_COMMON_BLOCKS = YES;
				GCC_WARN_64_TO_32_BIT_CONVERSION = YES;
				GCC_WARN_ABOUT_RETURN_TYPE = YES_ERROR;
				GCC_WARN_UNDECLARED_SELECTOR = YES;
				GCC_WARN_UNINITIALIZED_AUTOS = YES_AGGRESSIVE;
				GCC_WARN_UNUSED_FUNCTION = YES;
				GCC_WARN_UNUSED_VARIABLE = YES;
				IPHONEOS_DEPLOYMENT_TARGET = 9.2;
				MTL_ENABLE_DEBUG_INFO = NO;
				SDKROOT = iphoneos;
				VALIDATE_PRODUCT = YES;
			};
			name = Release;
		};
		A61065C91C271751006F836F /* Debug */ = {
			isa = XCBuildConfiguration;
			baseConfigurationReference = 69D17A3AF8478AA67B494222 /* Pods-ActionButtonApp.debug.xcconfig */;
			buildSettings = {
				ASSETCATALOG_COMPILER_APPICON_NAME = AppIcon;
				CODE_SIGN_IDENTITY = "iPhone Developer";
				INFOPLIST_FILE = ActionButtonApp/Info.plist;
				LD_RUNPATH_SEARCH_PATHS = "$(inherited) @executable_path/Frameworks";
				PRODUCT_BUNDLE_IDENTIFIER = com.teklabsco.ActionButtonApp;
				PRODUCT_NAME = "$(TARGET_NAME)";
				SWIFT_OBJC_BRIDGING_HEADER = "ActionButtonApp-Bridging-Header.h";
			};
			name = Debug;
		};
		A61065CA1C271751006F836F /* Release */ = {
			isa = XCBuildConfiguration;
			baseConfigurationReference = DD3FDCC493C590359A349683 /* Pods-ActionButtonApp.release.xcconfig */;
			buildSettings = {
				ASSETCATALOG_COMPILER_APPICON_NAME = AppIcon;
				CODE_SIGN_IDENTITY = "iPhone Developer";
				INFOPLIST_FILE = ActionButtonApp/Info.plist;
				LD_RUNPATH_SEARCH_PATHS = "$(inherited) @executable_path/Frameworks";
				PRODUCT_BUNDLE_IDENTIFIER = com.teklabsco.ActionButtonApp;
				PRODUCT_NAME = "$(TARGET_NAME)";
				SWIFT_OBJC_BRIDGING_HEADER = "ActionButtonApp-Bridging-Header.h";
			};
			name = Release;
		};
/* End XCBuildConfiguration section */

/* Begin XCConfigurationList section */
		A61065B11C271751006F836F /* Build configuration list for PBXProject "ActionButtonApp" */ = {
			isa = XCConfigurationList;
			buildConfigurations = (
				A61065C61C271751006F836F /* Debug */,
				A61065C71C271751006F836F /* Release */,
			);
			defaultConfigurationIsVisible = 0;
			defaultConfigurationName = Release;
		};
		A61065C81C271751006F836F /* Build configuration list for PBXNativeTarget "ActionButtonApp" */ = {
			isa = XCConfigurationList;
			buildConfigurations = (
				A61065C91C271751006F836F /* Debug */,
				A61065CA1C271751006F836F /* Release */,
			);
			defaultConfigurationIsVisible = 0;
			defaultConfigurationName = Release;
		};
/* End XCConfigurationList section */
	};
	rootObject = A61065AE1C271751006F836F /* Project object */;
}
